PODS:
  - CoreDataManager (1.0.0)

DEPENDENCIES:
  - CoreDataManager (from `./CoreDataManager`)

EXTERNAL SOURCES:
  CoreDataManager:
    :path: "./CoreDataManager"

SPEC CHECKSUMS:
  CoreDataManager: 05fcaa7a043a5ca2ee8d9830f65e290fef539350

PODFILE CHECKSUM: 3c684072bb02d37bb9d6d46d274b486b967f3611

COCOAPODS: 1.16.2
